
Microsoft Visual Studio Solution File, Format Version 12.00
# Visual Studio 15
VisualStudioVersion = 15.0.28010.2026
MinimumVisualStudioVersion = 10.0.40219.1
Project("{FAE04EC0-301F-11D3-BF4B-00C04F79EFBC}") = "KleenSweep", "KleenSweep\KleenSweep.csproj", "{593CC8E6-24C9-4918-83F1-998D93449FD3}"
EndProject
Global
	GlobalSection(SolutionConfigurationPlatforms) = preSolution
		Debug|Any CPU = Debug|Any CPU
		Release|Any CPU = Release|Any CPU
	EndGlobalSection
	GlobalSection(ProjectConfigurationPlatforms) = postSolution
		{593CC8E6-24C9-4918-83F1-998D93449FD3}.Debug|Any CPU.ActiveCfg = Debug|Any CPU
		{593CC8E6-24C9-4918-83F1-998D93449FD3}.Debug|Any CPU.Build.0 = Debug|Any CPU
		{593CC8E6-24C9-4918-83F1-998D93449FD3}.Release|Any CPU.ActiveCfg = Release|Any CPU
		{593CC8E6-24C9-4918-83F1-998D93449FD3}.Release|Any CPU.Build.0 = Release|Any CPU
	EndGlobalSection
	GlobalSection(SolutionProperties) = preSolution
		HideSolutionNode = FALSE
	EndGlobalSection
	GlobalSection(ExtensibilityGlobals) = postSolution
		SolutionGuid = {3B3ED3ED-08FC-45D5-9A30-15BA6E7CD37A}
	EndGlobalSection
EndGlobal
